
Microsoft Visual Studio Solution File, Format Version 12.00
# Visual Studio Version 16
VisualStudioVersion = 16.0.29613.14
MinimumVisualStudioVersion = 10.0.40219.1
Project("{9A19103F-16F7-4668-BE54-9A1E7A4F7556}") = "GapiFixup", "GapiFixup\GapiFixup.csproj", "{41717ADC-753E-4979-9DD3-9860DCE4BFA0}"
EndProject
Project("{9A19103F-16F7-4668-BE54-9A1E7A4F7556}") = "GapiCodegen", "GapiCodegen\GapiCodegen.csproj", "{10B5EB77-32AB-4927-A389-D312F5268121}"
	ProjectSection(ProjectDependencies) = postProject
		{41717ADC-753E-4979-9DD3-9860DCE4BFA0} = {41717ADC-753E-4979-9DD3-9860DCE4BFA0}
	EndProjectSection
EndProject
Global
	GlobalSection(SolutionConfigurationPlatforms) = preSolution
		Debug|Any CPU = Debug|Any CPU
		Release|Any CPU = Release|Any CPU
	EndGlobalSection
	GlobalSection(ProjectConfigurationPlatforms) = postSolution
		{41717ADC-753E-4979-9DD3-9860DCE4BFA0}.Debug|Any CPU.ActiveCfg = Debug|Any CPU
		{41717ADC-753E-4979-9DD3-9860DCE4BFA0}.Debug|Any CPU.Build.0 = Debug|Any CPU
		{41717ADC-753E-4979-9DD3-9860DCE4BFA0}.Release|Any CPU.ActiveCfg = Release|Any CPU
		{41717ADC-753E-4979-9DD3-9860DCE4BFA0}.Release|Any CPU.Build.0 = Release|Any CPU
		{10B5EB77-32AB-4927-A389-D312F5268121}.Debug|Any CPU.ActiveCfg = Debug|Any CPU
		{10B5EB77-32AB-4927-A389-D312F5268121}.Debug|Any CPU.Build.0 = Debug|Any CPU
		{10B5EB77-32AB-4927-A389-D312F5268121}.Release|Any CPU.ActiveCfg = Release|Any CPU
		{10B5EB77-32AB-4927-A389-D312F5268121}.Release|Any CPU.Build.0 = Release|Any CPU
	EndGlobalSection
	GlobalSection(SolutionProperties) = preSolution
		HideSolutionNode = FALSE
	EndGlobalSection
	GlobalSection(ExtensibilityGlobals) = postSolution
		SolutionGuid = {1C35CE2E-A5BC-401E-A6E9-4F66E1033565}
	EndGlobalSection
EndGlobal
